
Microsoft Visual Studio Solution File, Format Version 12.00
# Visual Studio Version 16
VisualStudioVersion = 16.0.28922.388
MinimumVisualStudioVersion = 10.0.40219.1
Project("{FAE04EC0-301F-11D3-BF4B-00C04F79EFBC}") = "JuanPabloClase1", "JuanPabloClase1\JuanPabloClase1.csproj", "{C6035BAC-6098-4895-806C-B791D11C2ADB}"
EndProject
Global
	GlobalSection(SolutionConfigurationPlatforms) = preSolution
		Debug|Any CPU = Debug|Any CPU
		Release|Any CPU = Release|Any CPU
	EndGlobalSection
	GlobalSection(ProjectConfigurationPlatforms) = postSolution
		{C6035BAC-6098-4895-806C-B791D11C2ADB}.Debug|Any CPU.ActiveCfg = Debug|Any CPU
		{C6035BAC-6098-4895-806C-B791D11C2ADB}.Debug|Any CPU.Build.0 = Debug|Any CPU
		{C6035BAC-6098-4895-806C-B791D11C2ADB}.Release|Any CPU.ActiveCfg = Release|Any CPU
		{C6035BAC-6098-4895-806C-B791D11C2ADB}.Release|Any CPU.Build.0 = Release|Any CPU
	EndGlobalSection
	GlobalSection(SolutionProperties) = preSolution
		HideSolutionNode = FALSE
	EndGlobalSection
	GlobalSection(ExtensibilityGlobals) = postSolution
		SolutionGuid = {53169B0F-ED45-4209-A847-7091A4EF48E2}
	EndGlobalSection
EndGlobal
