
Microsoft Visual Studio Solution File, Format Version 12.00
# Visual Studio Version 16
VisualStudioVersion = 16.0.28803.452
MinimumVisualStudioVersion = 10.0.40219.1
Project("{FAE04EC0-301F-11D3-BF4B-00C04F79EFBC}") = "ORMBBDDPropia", "ORMBBDDPropia\ORMBBDDPropia.csproj", "{80FEE675-241B-4CE4-9246-3AEAC24CDC6F}"
EndProject
Global
	GlobalSection(SolutionConfigurationPlatforms) = preSolution
		Debug|Any CPU = Debug|Any CPU
		Release|Any CPU = Release|Any CPU
	EndGlobalSection
	GlobalSection(ProjectConfigurationPlatforms) = postSolution
		{80FEE675-241B-4CE4-9246-3AEAC24CDC6F}.Debug|Any CPU.ActiveCfg = Debug|Any CPU
		{80FEE675-241B-4CE4-9246-3AEAC24CDC6F}.Debug|Any CPU.Build.0 = Debug|Any CPU
		{80FEE675-241B-4CE4-9246-3AEAC24CDC6F}.Release|Any CPU.ActiveCfg = Release|Any CPU
		{80FEE675-241B-4CE4-9246-3AEAC24CDC6F}.Release|Any CPU.Build.0 = Release|Any CPU
	EndGlobalSection
	GlobalSection(SolutionProperties) = preSolution
		HideSolutionNode = FALSE
	EndGlobalSection
	GlobalSection(ExtensibilityGlobals) = postSolution
		SolutionGuid = {4A450BD1-2150-49D7-BDF4-DE8E1677A458}
	EndGlobalSection
EndGlobal
