
Microsoft Visual Studio Solution File, Format Version 12.00
# Visual Studio Version 16
VisualStudioVersion = 16.0.28803.452
MinimumVisualStudioVersion = 10.0.40219.1
Project("{9A19103F-16F7-4668-BE54-9A1E7A4F7556}") = "console", "consolaPiedraPapelTijera2\console.csproj", "{10005BEF-9687-44EE-A6AF-8E100D24582A}"
EndProject
Project("{9A19103F-16F7-4668-BE54-9A1E7A4F7556}") = "libreriaObjetos", "libreriaObjetos\libreriaObjetos.csproj", "{99B763F8-E18E-4E35-BAF6-142044896222}"
EndProject
Global
	GlobalSection(SolutionConfigurationPlatforms) = preSolution
		Debug|Any CPU = Debug|Any CPU
		Release|Any CPU = Release|Any CPU
	EndGlobalSection
	GlobalSection(ProjectConfigurationPlatforms) = postSolution
		{10005BEF-9687-44EE-A6AF-8E100D24582A}.Debug|Any CPU.ActiveCfg = Debug|Any CPU
		{10005BEF-9687-44EE-A6AF-8E100D24582A}.Debug|Any CPU.Build.0 = Debug|Any CPU
		{10005BEF-9687-44EE-A6AF-8E100D24582A}.Release|Any CPU.ActiveCfg = Release|Any CPU
		{10005BEF-9687-44EE-A6AF-8E100D24582A}.Release|Any CPU.Build.0 = Release|Any CPU
		{99B763F8-E18E-4E35-BAF6-142044896222}.Debug|Any CPU.ActiveCfg = Debug|Any CPU
		{99B763F8-E18E-4E35-BAF6-142044896222}.Debug|Any CPU.Build.0 = Debug|Any CPU
		{99B763F8-E18E-4E35-BAF6-142044896222}.Release|Any CPU.ActiveCfg = Release|Any CPU
		{99B763F8-E18E-4E35-BAF6-142044896222}.Release|Any CPU.Build.0 = Release|Any CPU
	EndGlobalSection
	GlobalSection(SolutionProperties) = preSolution
		HideSolutionNode = FALSE
	EndGlobalSection
	GlobalSection(ExtensibilityGlobals) = postSolution
		SolutionGuid = {2E5E446C-593B-4C4A-A651-1A745917BC98}
	EndGlobalSection
EndGlobal
